
Microsoft Visual Studio Solution File, Format Version 12.00
# Visual Studio Version 16
VisualStudioVersion = 16.0.30804.86
MinimumVisualStudioVersion = 10.0.40219.1
Project("{FAE04EC0-301F-11D3-BF4B-00C04F79EFBC}") = "WebappBanGiayDep", "WebappBanGiayDep.csproj", "{867B2636-12DB-4A4F-9D24-2B945B655FB0}"
EndProject
Global
	GlobalSection(SolutionConfigurationPlatforms) = preSolution
		Debug|Any CPU = Debug|Any CPU
		Release|Any CPU = Release|Any CPU
	EndGlobalSection
	GlobalSection(ProjectConfigurationPlatforms) = postSolution
		{867B2636-12DB-4A4F-9D24-2B945B655FB0}.Debug|Any CPU.ActiveCfg = Debug|Any CPU
		{867B2636-12DB-4A4F-9D24-2B945B655FB0}.Debug|Any CPU.Build.0 = Debug|Any CPU
		{867B2636-12DB-4A4F-9D24-2B945B655FB0}.Release|Any CPU.ActiveCfg = Release|Any CPU
		{867B2636-12DB-4A4F-9D24-2B945B655FB0}.Release|Any CPU.Build.0 = Release|Any CPU
	EndGlobalSection
	GlobalSection(SolutionProperties) = preSolution
		HideSolutionNode = FALSE
	EndGlobalSection
	GlobalSection(ExtensibilityGlobals) = postSolution
		SolutionGuid = {DF3C38EC-8310-4D52-8117-E5D899594EC0}
	EndGlobalSection
EndGlobal
